PODS:
  - LiteRoute (2.1.21)
  - Realm (10.32.0):
    - Realm/Headers (= 10.32.0)
  - Realm/Headers (10.32.0)
  - RealmSwift (10.32.0):
    - Realm (= 10.32.0)
  - Swinject (2.7.1)
  - SwinjectStoryboard (2.2.2):
    - Swinject (~> 2.7.1)

DEPENDENCIES:
  - LiteRoute
  - RealmSwift (~> 10)
  - Swinject
  - SwinjectStoryboard

SPEC REPOS:
  trunk:
    - LiteRoute
    - Realm
    - RealmSwift
    - Swinject
    - SwinjectStoryboard

SPEC CHECKSUMS:
  LiteRoute: 0de115c90e3d8927ba8ae039f13a3b8a41a1ead5
  Realm: a00e93347b8d26d372c7a82f6c0b08d6536a21c8
  RealmSwift: fe09c29ca409f8f905fe4086f2a52936193f2e3d
  Swinject: ddf78b8486dd9b71a667b852cad919ab4484478e
  SwinjectStoryboard: 240ce371396da09a4c43c72ee5c148108500e184

PODFILE CHECKSUM: b342121f958ccd65392367e8cea8166fd4aa58ba

COCOAPODS: 1.11.3
